{
  "name": "tideline",
  "version": "1.0.0",
  "lockfileVersion": 3,
  "requires": true,
  "packages": {
    "": {
      "name": "tideline",
      "version": "1.0.0",
      "dependencies": {
        "@fontsource/ibm-plex-mono": "^5.2.7",
        "@fontsource/ibm-plex-sans": "^5.2.8",
        "@fontsource/newsreader": "^5.2.8",
        "idb-keyval": "^6.2.2",
        "react": "^18.3.1",
        "react-dom": "^18.3.1",
        "web-push": "^3.6.7"
      },
      "devDependencies": {
        "@types/react": "^18.3.23",
        "@types/react-dom": "^18.3.7",
        "@types/web-push": "^3.6.4",
        "@vitejs/plugin-react": "^4.7.0",
        "typescript": "~5.9.2",
        "vite": "^6.3.5",
        "vite-plugin-pwa": "^1.0.3",
        "workbox-core": "^7.3.0",
        "workbox-precaching": "^7.3.0",
        "workbox-routing": "^7.3.0"
      }
    }
  }
}
